// !$*UTF8*$!
{
	archiveVersion = 1;
	classes = {
	};
	objectVersion = 56;
	objects = {

/* Begin PBXBuildFile section */
		B10493DD23C0721A81562CB9 /* Pods_LiveScoreApp.framework in Frameworks */ = {isa = PBXBuildFile; fileRef = 96B869D2C5E70EBE2A7106EF /* Pods_LiveScoreApp.framework */; };
		E04D06E32C47A89300293B37 /* String+Extension.swift in Sources */ = {isa = PBXBuildFile; fileRef = E04D06E22C47A89300293B37 /* String+Extension.swift */; };
		E04D06E62C47AADC00293B37 /* LeagueMatchTableViewCell.swift in Sources */ = {isa = PBXBuildFile; fileRef = E04D06E42C47AADC00293B37 /* LeagueMatchTableViewCell.swift */; };
		E04D06E72C47AADC00293B37 /* LeagueMatchTableViewCell.xib in Resources */ = {isa = PBXBuildFile; fileRef = E04D06E52C47AADC00293B37 /* LeagueMatchTableViewCell.xib */; };
		E04D06E92C47ABB800293B37 /* LeaguesHeaderView.swift in Sources */ = {isa = PBXBuildFile; fileRef = E04D06E82C47ABB800293B37 /* LeaguesHeaderView.swift */; };
		E04D06EB2C47ABC100293B37 /* LeaguesHeaderView.xib in Resources */ = {isa = PBXBuildFile; fileRef = E04D06EA2C47ABC100293B37 /* LeaguesHeaderView.xib */; };
		E04D06EE2C47BF9900293B37 /* TopLeaguesTableViewCell.swift in Sources */ = {isa = PBXBuildFile; fileRef = E04D06EC2C47BF9900293B37 /* TopLeaguesTableViewCell.swift */; };
		E04D06EF2C47BF9900293B37 /* TopLeaguesTableViewCell.xib in Resources */ = {isa = PBXBuildFile; fileRef = E04D06ED2C47BF9900293B37 /* TopLeaguesTableViewCell.xib */; };
		E04D06F42C47C00900293B37 /* TopLeaguesCollectionViewCell.swift in Sources */ = {isa = PBXBuildFile; fileRef = E04D06F22C47C00900293B37 /* TopLeaguesCollectionViewCell.swift */; };
		E04D06F52C47C00900293B37 /* TopLeaguesCollectionViewCell.xib in Resources */ = {isa = PBXBuildFile; fileRef = E04D06F32C47C00900293B37 /* TopLeaguesCollectionViewCell.xib */; };
		E04D06F82C47E4EB00293B37 /* NewsHotMatchesTableViewCell.swift in Sources */ = {isa = PBXBuildFile; fileRef = E04D06F62C47E4EB00293B37 /* NewsHotMatchesTableViewCell.swift */; };
		E04D06F92C47E4EB00293B37 /* NewsHotMatchesTableViewCell.xib in Resources */ = {isa = PBXBuildFile; fileRef = E04D06F72C47E4EB00293B37 /* NewsHotMatchesTableViewCell.xib */; };
		E04D06FC2C47E54200293B37 /* NewsHotMatchesCollectionViewCell.swift in Sources */ = {isa = PBXBuildFile; fileRef = E04D06FA2C47E54200293B37 /* NewsHotMatchesCollectionViewCell.swift */; };
		E04D06FD2C47E54200293B37 /* NewsHotMatchesCollectionViewCell.xib in Resources */ = {isa = PBXBuildFile; fileRef = E04D06FB2C47E54200293B37 /* NewsHotMatchesCollectionViewCell.xib */; };
		E05EDC832C47FB9C007B750F /* NewsDetailViewController.swift in Sources */ = {isa = PBXBuildFile; fileRef = E05EDC822C47FB9C007B750F /* NewsDetailViewController.swift */; };
		E05EDC872C47FC15007B750F /* NewsDetailTableViewCell.swift in Sources */ = {isa = PBXBuildFile; fileRef = E05EDC852C47FC15007B750F /* NewsDetailTableViewCell.swift */; };
		E05EDC882C47FC15007B750F /* NewsDetailTableViewCell.xib in Resources */ = {isa = PBXBuildFile; fileRef = E05EDC862C47FC15007B750F /* NewsDetailTableViewCell.xib */; };
		E0B1A1202C469E0400C250DB /* ShadowView.swift in Sources */ = {isa = PBXBuildFile; fileRef = E0B1A11F2C469E0400C250DB /* ShadowView.swift */; };
		E0B1A1222C46A9A500C250DB /* UIView+Extension.swift in Sources */ = {isa = PBXBuildFile; fileRef = E0B1A1212C46A9A500C250DB /* UIView+Extension.swift */; };
		E0B1A1242C46AA7900C250DB /* NewsHeaderView.swift in Sources */ = {isa = PBXBuildFile; fileRef = E0B1A1232C46AA7900C250DB /* NewsHeaderView.swift */; };
		E0B1A1262C46AA8200C250DB /* NewsHeaderView.xib in Resources */ = {isa = PBXBuildFile; fileRef = E0B1A1252C46AA8200C250DB /* NewsHeaderView.xib */; };
		E0B1A1292C46ABF200C250DB /* LeaguesViewController.swift in Sources */ = {isa = PBXBuildFile; fileRef = E0B1A1282C46ABF200C250DB /* LeaguesViewController.swift */; };
		E0B1A12F2C46E88E00C250DB /* LeaguesTableViewCell.swift in Sources */ = {isa = PBXBuildFile; fileRef = E0B1A12D2C46E88E00C250DB /* LeaguesTableViewCell.swift */; };
		E0B1A1302C46E88E00C250DB /* LeaguesTableViewCell.xib in Resources */ = {isa = PBXBuildFile; fileRef = E0B1A12E2C46E88E00C250DB /* LeaguesTableViewCell.xib */; };
		E0B1A1342C46EE8000C250DB /* FootballLeaguesViewController.swift in Sources */ = {isa = PBXBuildFile; fileRef = E0B1A1332C46EE8000C250DB /* FootballLeaguesViewController.swift */; };
		E0B1A1362C46EE9C00C250DB /* BasketballLeaguesViewController.swift in Sources */ = {isa = PBXBuildFile; fileRef = E0B1A1352C46EE9C00C250DB /* BasketballLeaguesViewController.swift */; };
		E0B3715A2C35A70F009EB405 /* AppDelegate.swift in Sources */ = {isa = PBXBuildFile; fileRef = E0B371592C35A70F009EB405 /* AppDelegate.swift */; };
		E0B3715C2C35A70F009EB405 /* SceneDelegate.swift in Sources */ = {isa = PBXBuildFile; fileRef = E0B3715B2C35A70F009EB405 /* SceneDelegate.swift */; };
		E0B371612C35A70F009EB405 /* Base in Resources */ = {isa = PBXBuildFile; fileRef = E0B371602C35A70F009EB405 /* Base */; };
		E0B371632C35A710009EB405 /* Assets.xcassets in Resources */ = {isa = PBXBuildFile; fileRef = E0B371622C35A710009EB405 /* Assets.xcassets */; };
		E0B371662C35A710009EB405 /* Base in Resources */ = {isa = PBXBuildFile; fileRef = E0B371652C35A710009EB405 /* Base */; };
		E0D674D02C46788600426D40 /* NewsViewController.swift in Sources */ = {isa = PBXBuildFile; fileRef = E0D674CF2C46788600426D40 /* NewsViewController.swift */; };
		E0D674D22C46789300426D40 /* LiveScoreViewController.swift in Sources */ = {isa = PBXBuildFile; fileRef = E0D674D12C46789300426D40 /* LiveScoreViewController.swift */; };
		E0D674D62C4678B100426D40 /* ProfileViewController.swift in Sources */ = {isa = PBXBuildFile; fileRef = E0D674D52C4678B100426D40 /* ProfileViewController.swift */; };
		E0DE549E2C4699A500546745 /* NewsTableViewCell.swift in Sources */ = {isa = PBXBuildFile; fileRef = E0DE549C2C4699A500546745 /* NewsTableViewCell.swift */; };
		E0DE549F2C4699A500546745 /* NewsTableViewCell.xib in Resources */ = {isa = PBXBuildFile; fileRef = E0DE549D2C4699A500546745 /* NewsTableViewCell.xib */; };
		E0F037642C4689F5003ED0BA /* Router.swift in Sources */ = {isa = PBXBuildFile; fileRef = E0F037632C4689F5003ED0BA /* Router.swift */; };
		E0F037672C468B09003ED0BA /* AboutUsViewController.swift in Sources */ = {isa = PBXBuildFile; fileRef = E0F037662C468B09003ED0BA /* AboutUsViewController.swift */; };
		E0F037692C468B1F003ED0BA /* Constants.swift in Sources */ = {isa = PBXBuildFile; fileRef = E0F037682C468B1E003ED0BA /* Constants.swift */; };
		E0F0376C2C468C21003ED0BA /* NSObject+Extension.swift in Sources */ = {isa = PBXBuildFile; fileRef = E0F0376B2C468C21003ED0BA /* NSObject+Extension.swift */; };
		E0F0376E2C468DEF003ED0BA /* UITableView+Extension.swift in Sources */ = {isa = PBXBuildFile; fileRef = E0F0376D2C468DEF003ED0BA /* UITableView+Extension.swift */; };
		E0F037702C468EB1003ED0BA /* UIViewController+Extension.swift in Sources */ = {isa = PBXBuildFile; fileRef = E0F0376F2C468EB1003ED0BA /* UIViewController+Extension.swift */; };
		E0F037732C46953B003ED0BA /* RoundedImageView.swift in Sources */ = {isa = PBXBuildFile; fileRef = E0F037722C46953B003ED0BA /* RoundedImageView.swift */; };
/* End PBXBuildFile section */

/* Begin PBXFileReference section */
		42EC48A44FDA26C3A04AA6CD /* Pods-LiveScoreApp.debug.xcconfig */ = {isa = PBXFileReference; includeInIndex = 1; lastKnownFileType = text.xcconfig; name = "Pods-LiveScoreApp.debug.xcconfig"; path = "Target Support Files/Pods-LiveScoreApp/Pods-LiveScoreApp.debug.xcconfig"; sourceTree = "<group>"; };
		96B869D2C5E70EBE2A7106EF /* Pods_LiveScoreApp.framework */ = {isa = PBXFileReference; explicitFileType = wrapper.framework; includeInIndex = 0; path = Pods_LiveScoreApp.framework; sourceTree = BUILT_PRODUCTS_DIR; };
		BD202F35B8DE01C27D1F1BDB /* Pods-LiveScoreApp.release.xcconfig */ = {isa = PBXFileReference; includeInIndex = 1; lastKnownFileType = text.xcconfig; name = "Pods-LiveScoreApp.release.xcconfig"; path = "Target Support Files/Pods-LiveScoreApp/Pods-LiveScoreApp.release.xcconfig"; sourceTree = "<group>"; };
		E04D06E22C47A89300293B37 /* String+Extension.swift */ = {isa = PBXFileReference; lastKnownFileType = sourcecode.swift; path = "String+Extension.swift"; sourceTree = "<group>"; };
		E04D06E42C47AADC00293B37 /* LeagueMatchTableViewCell.swift */ = {isa = PBXFileReference; lastKnownFileType = sourcecode.swift; path = LeagueMatchTableViewCell.swift; sourceTree = "<group>"; };
		E04D06E52C47AADC00293B37 /* LeagueMatchTableViewCell.xib */ = {isa = PBXFileReference; lastKnownFileType = file.xib; path = LeagueMatchTableViewCell.xib; sourceTree = "<group>"; };
		E04D06E82C47ABB800293B37 /* LeaguesHeaderView.swift */ = {isa = PBXFileReference; lastKnownFileType = sourcecode.swift; path = LeaguesHeaderView.swift; sourceTree = "<group>"; };
		E04D06EA2C47ABC100293B37 /* LeaguesHeaderView.xib */ = {isa = PBXFileReference; lastKnownFileType = file.xib; path = LeaguesHeaderView.xib; sourceTree = "<group>"; };
		E04D06EC2C47BF9900293B37 /* TopLeaguesTableViewCell.swift */ = {isa = PBXFileReference; lastKnownFileType = sourcecode.swift; path = TopLeaguesTableViewCell.swift; sourceTree = "<group>"; };
		E04D06ED2C47BF9900293B37 /* TopLeaguesTableViewCell.xib */ = {isa = PBXFileReference; lastKnownFileType = file.xib; path = TopLeaguesTableViewCell.xib; sourceTree = "<group>"; };
		E04D06F22C47C00900293B37 /* TopLeaguesCollectionViewCell.swift */ = {isa = PBXFileReference; lastKnownFileType = sourcecode.swift; path = TopLeaguesCollectionViewCell.swift; sourceTree = "<group>"; };
		E04D06F32C47C00900293B37 /* TopLeaguesCollectionViewCell.xib */ = {isa = PBXFileReference; lastKnownFileType = file.xib; path = TopLeaguesCollectionViewCell.xib; sourceTree = "<group>"; };
		E04D06F62C47E4EB00293B37 /* NewsHotMatchesTableViewCell.swift */ = {isa = PBXFileReference; lastKnownFileType = sourcecode.swift; path = NewsHotMatchesTableViewCell.swift; sourceTree = "<group>"; };
		E04D06F72C47E4EB00293B37 /* NewsHotMatchesTableViewCell.xib */ = {isa = PBXFileReference; lastKnownFileType = file.xib; path = NewsHotMatchesTableViewCell.xib; sourceTree = "<group>"; };
		E04D06FA2C47E54200293B37 /* NewsHotMatchesCollectionViewCell.swift */ = {isa = PBXFileReference; lastKnownFileType = sourcecode.swift; path = NewsHotMatchesCollectionViewCell.swift; sourceTree = "<group>"; };
		E04D06FB2C47E54200293B37 /* NewsHotMatchesCollectionViewCell.xib */ = {isa = PBXFileReference; lastKnownFileType = file.xib; path = NewsHotMatchesCollectionViewCell.xib; sourceTree = "<group>"; };
		E05EDC822C47FB9C007B750F /* NewsDetailViewController.swift */ = {isa = PBXFileReference; lastKnownFileType = sourcecode.swift; path = NewsDetailViewController.swift; sourceTree = "<group>"; };
		E05EDC852C47FC15007B750F /* NewsDetailTableViewCell.swift */ = {isa = PBXFileReference; lastKnownFileType = sourcecode.swift; path = NewsDetailTableViewCell.swift; sourceTree = "<group>"; };
		E05EDC862C47FC15007B750F /* NewsDetailTableViewCell.xib */ = {isa = PBXFileReference; lastKnownFileType = file.xib; path = NewsDetailTableViewCell.xib; sourceTree = "<group>"; };
		E0B1A11F2C469E0400C250DB /* ShadowView.swift */ = {isa = PBXFileReference; lastKnownFileType = sourcecode.swift; path = ShadowView.swift; sourceTree = "<group>"; };
		E0B1A1212C46A9A500C250DB /* UIView+Extension.swift */ = {isa = PBXFileReference; lastKnownFileType = sourcecode.swift; path = "UIView+Extension.swift"; sourceTree = "<group>"; };
		E0B1A1232C46AA7900C250DB /* NewsHeaderView.swift */ = {isa = PBXFileReference; lastKnownFileType = sourcecode.swift; path = NewsHeaderView.swift; sourceTree = "<group>"; };
		E0B1A1252C46AA8200C250DB /* NewsHeaderView.xib */ = {isa = PBXFileReference; lastKnownFileType = file.xib; path = NewsHeaderView.xib; sourceTree = "<group>"; };
		E0B1A1282C46ABF200C250DB /* LeaguesViewController.swift */ = {isa = PBXFileReference; lastKnownFileType = sourcecode.swift; path = LeaguesViewController.swift; sourceTree = "<group>"; };
		E0B1A12D2C46E88E00C250DB /* LeaguesTableViewCell.swift */ = {isa = PBXFileReference; lastKnownFileType = sourcecode.swift; path = LeaguesTableViewCell.swift; sourceTree = "<group>"; };
		E0B1A12E2C46E88E00C250DB /* LeaguesTableViewCell.xib */ = {isa = PBXFileReference; lastKnownFileType = file.xib; path = LeaguesTableViewCell.xib; sourceTree = "<group>"; };
		E0B1A1332C46EE8000C250DB /* FootballLeaguesViewController.swift */ = {isa = PBXFileReference; lastKnownFileType = sourcecode.swift; path = FootballLeaguesViewController.swift; sourceTree = "<group>"; };
		E0B1A1352C46EE9C00C250DB /* BasketballLeaguesViewController.swift */ = {isa = PBXFileReference; lastKnownFileType = sourcecode.swift; path = BasketballLeaguesViewController.swift; sourceTree = "<group>"; };
		E0B371562C35A70F009EB405 /* LiveScoreApp.app */ = {isa = PBXFileReference; explicitFileType = wrapper.application; includeInIndex = 0; path = LiveScoreApp.app; sourceTree = BUILT_PRODUCTS_DIR; };
		E0B371592C35A70F009EB405 /* AppDelegate.swift */ = {isa = PBXFileReference; lastKnownFileType = sourcecode.swift; path = AppDelegate.swift; sourceTree = "<group>"; };
		E0B3715B2C35A70F009EB405 /* SceneDelegate.swift */ = {isa = PBXFileReference; lastKnownFileType = sourcecode.swift; path = SceneDelegate.swift; sourceTree = "<group>"; };
		E0B371602C35A70F009EB405 /* Base */ = {isa = PBXFileReference; lastKnownFileType = file.storyboard; name = Base; path = Base.lproj/Main.storyboard; sourceTree = "<group>"; };
		E0B371622C35A710009EB405 /* Assets.xcassets */ = {isa = PBXFileReference; lastKnownFileType = folder.assetcatalog; path = Assets.xcassets; sourceTree = "<group>"; };
		E0B371652C35A710009EB405 /* Base */ = {isa = PBXFileReference; lastKnownFileType = file.storyboard; name = Base; path = Base.lproj/LaunchScreen.storyboard; sourceTree = "<group>"; };
		E0B371672C35A710009EB405 /* Info.plist */ = {isa = PBXFileReference; lastKnownFileType = text.plist.xml; path = Info.plist; sourceTree = "<group>"; };
		E0D674CF2C46788600426D40 /* NewsViewController.swift */ = {isa = PBXFileReference; lastKnownFileType = sourcecode.swift; path = NewsViewController.swift; sourceTree = "<group>"; };
		E0D674D12C46789300426D40 /* LiveScoreViewController.swift */ = {isa = PBXFileReference; lastKnownFileType = sourcecode.swift; path = LiveScoreViewController.swift; sourceTree = "<group>"; };
		E0D674D52C4678B100426D40 /* ProfileViewController.swift */ = {isa = PBXFileReference; lastKnownFileType = sourcecode.swift; path = ProfileViewController.swift; sourceTree = "<group>"; };
		E0DE549C2C4699A500546745 /* NewsTableViewCell.swift */ = {isa = PBXFileReference; lastKnownFileType = sourcecode.swift; path = NewsTableViewCell.swift; sourceTree = "<group>"; };
		E0DE549D2C4699A500546745 /* NewsTableViewCell.xib */ = {isa = PBXFileReference; lastKnownFileType = file.xib; path = NewsTableViewCell.xib; sourceTree = "<group>"; };
		E0F037632C4689F5003ED0BA /* Router.swift */ = {isa = PBXFileReference; lastKnownFileType = sourcecode.swift; path = Router.swift; sourceTree = "<group>"; };
		E0F037662C468B09003ED0BA /* AboutUsViewController.swift */ = {isa = PBXFileReference; lastKnownFileType = sourcecode.swift; path = AboutUsViewController.swift; sourceTree = "<group>"; };
		E0F037682C468B1E003ED0BA /* Constants.swift */ = {isa = PBXFileReference; lastKnownFileType = sourcecode.swift; path = Constants.swift; sourceTree = "<group>"; };
		E0F0376B2C468C21003ED0BA /* NSObject+Extension.swift */ = {isa = PBXFileReference; lastKnownFileType = sourcecode.swift; path = "NSObject+Extension.swift"; sourceTree = "<group>"; };
		E0F0376D2C468DEF003ED0BA /* UITableView+Extension.swift */ = {isa = PBXFileReference; lastKnownFileType = sourcecode.swift; path = "UITableView+Extension.swift"; sourceTree = "<group>"; };
		E0F0376F2C468EB1003ED0BA /* UIViewController+Extension.swift */ = {isa = PBXFileReference; lastKnownFileType = sourcecode.swift; path = "UIViewController+Extension.swift"; sourceTree = "<group>"; };
		E0F037722C46953B003ED0BA /* RoundedImageView.swift */ = {isa = PBXFileReference; lastKnownFileType = sourcecode.swift; path = RoundedImageView.swift; sourceTree = "<group>"; };
/* End PBXFileReference section */

/* Begin PBXFrameworksBuildPhase section */
		E0B371532C35A70F009EB405 /* Frameworks */ = {
			isa = PBXFrameworksBuildPhase;
			buildActionMask = 2147483647;
			files = (
				B10493DD23C0721A81562CB9 /* Pods_LiveScoreApp.framework in Frameworks */,
			);
			runOnlyForDeploymentPostprocessing = 0;
		};
/* End PBXFrameworksBuildPhase section */

/* Begin PBXGroup section */
		6D0B83949AF824B84FF55024 /* Frameworks */ = {
			isa = PBXGroup;
			children = (
				96B869D2C5E70EBE2A7106EF /* Pods_LiveScoreApp.framework */,
			);
			name = Frameworks;
			sourceTree = "<group>";
		};
		6E7560B23DC78D469D9016E1 /* Pods */ = {
			isa = PBXGroup;
			children = (
				42EC48A44FDA26C3A04AA6CD /* Pods-LiveScoreApp.debug.xcconfig */,
				BD202F35B8DE01C27D1F1BDB /* Pods-LiveScoreApp.release.xcconfig */,
			);
			path = Pods;
			sourceTree = "<group>";
		};
		E05EDC812C47FB87007B750F /* NewsDetailViewController */ = {
			isa = PBXGroup;
			children = (
				E05EDC842C47FC08007B750F /* cells */,
				E05EDC822C47FB9C007B750F /* NewsDetailViewController.swift */,
			);
			path = NewsDetailViewController;
			sourceTree = "<group>";
		};
		E05EDC842C47FC08007B750F /* cells */ = {
			isa = PBXGroup;
			children = (
				E05EDC852C47FC15007B750F /* NewsDetailTableViewCell.swift */,
				E05EDC862C47FC15007B750F /* NewsDetailTableViewCell.xib */,
			);
			path = cells;
			sourceTree = "<group>";
		};
		E0B1A1272C46ABDF00C250DB /* LeaguesViewController */ = {
			isa = PBXGroup;
			children = (
				E0B1A12C2C46E88100C250DB /* Cells */,
				E0B1A1282C46ABF200C250DB /* LeaguesViewController.swift */,
				E0B1A1332C46EE8000C250DB /* FootballLeaguesViewController.swift */,
				E0B1A1352C46EE9C00C250DB /* BasketballLeaguesViewController.swift */,
			);
			path = LeaguesViewController;
			sourceTree = "<group>";
		};
		E0B1A12C2C46E88100C250DB /* Cells */ = {
			isa = PBXGroup;
			children = (
				E0B1A12D2C46E88E00C250DB /* LeaguesTableViewCell.swift */,
				E0B1A12E2C46E88E00C250DB /* LeaguesTableViewCell.xib */,
				E04D06E42C47AADC00293B37 /* LeagueMatchTableViewCell.swift */,
				E04D06E52C47AADC00293B37 /* LeagueMatchTableViewCell.xib */,
				E04D06E82C47ABB800293B37 /* LeaguesHeaderView.swift */,
				E04D06EA2C47ABC100293B37 /* LeaguesHeaderView.xib */,
				E04D06EC2C47BF9900293B37 /* TopLeaguesTableViewCell.swift */,
				E04D06ED2C47BF9900293B37 /* TopLeaguesTableViewCell.xib */,
				E04D06F22C47C00900293B37 /* TopLeaguesCollectionViewCell.swift */,
				E04D06F32C47C00900293B37 /* TopLeaguesCollectionViewCell.xib */,
			);
			path = Cells;
			sourceTree = "<group>";
		};
		E0B3714D2C35A70F009EB405 = {
			isa = PBXGroup;
			children = (
				E0B371582C35A70F009EB405 /* LiveScoreApp */,
				E0B371572C35A70F009EB405 /* Products */,
				6E7560B23DC78D469D9016E1 /* Pods */,
				6D0B83949AF824B84FF55024 /* Frameworks */,
			);
			sourceTree = "<group>";
		};
		E0B371572C35A70F009EB405 /* Products */ = {
			isa = PBXGroup;
			children = (
				E0B371562C35A70F009EB405 /* LiveScoreApp.app */,
			);
			name = Products;
			sourceTree = "<group>";
		};
		E0B371582C35A70F009EB405 /* LiveScoreApp */ = {
			isa = PBXGroup;
			children = (
				E0D674CE2C46786600426D40 /* Resources */,
				E0D674CD2C46786100426D40 /* Storyboards */,
				E0D674CC2C46785B00426D40 /* ViewControllers */,
				E0F037622C4689E5003ED0BA /* Utilities */,
				E0F0376A2C468C16003ED0BA /* Extensions */,
				E0B371592C35A70F009EB405 /* AppDelegate.swift */,
				E0B3715B2C35A70F009EB405 /* SceneDelegate.swift */,
			);
			path = LiveScoreApp;
			sourceTree = "<group>";
		};
		E0D674CC2C46785B00426D40 /* ViewControllers */ = {
			isa = PBXGroup;
			children = (
				E05EDC812C47FB87007B750F /* NewsDetailViewController */,
				E0F037742C469729003ED0BA /* NewsViewController */,
				E0B1A1272C46ABDF00C250DB /* LeaguesViewController */,
				E0F037652C468AF0003ED0BA /* ProfileViewController */,
				E0D674D12C46789300426D40 /* LiveScoreViewController.swift */,
			);
			path = ViewControllers;
			sourceTree = "<group>";
		};
		E0D674CD2C46786100426D40 /* Storyboards */ = {
			isa = PBXGroup;
			children = (
				E0B3715F2C35A70F009EB405 /* Main.storyboard */,
				E0B371642C35A710009EB405 /* LaunchScreen.storyboard */,
			);
			path = Storyboards;
			sourceTree = "<group>";
		};
		E0D674CE2C46786600426D40 /* Resources */ = {
			isa = PBXGroup;
			children = (
				E0B371622C35A710009EB405 /* Assets.xcassets */,
				E0B371672C35A710009EB405 /* Info.plist */,
			);
			path = Resources;
			sourceTree = "<group>";
		};
		E0F037622C4689E5003ED0BA /* Utilities */ = {
			isa = PBXGroup;
			children = (
				E0F037712C469529003ED0BA /* Custom Views */,
				E0F037632C4689F5003ED0BA /* Router.swift */,
				E0F037682C468B1E003ED0BA /* Constants.swift */,
			);
			path = Utilities;
			sourceTree = "<group>";
		};
		E0F037652C468AF0003ED0BA /* ProfileViewController */ = {
			isa = PBXGroup;
			children = (
				E0D674D52C4678B100426D40 /* ProfileViewController.swift */,
				E0F037662C468B09003ED0BA /* AboutUsViewController.swift */,
			);
			path = ProfileViewController;
			sourceTree = "<group>";
		};
		E0F0376A2C468C16003ED0BA /* Extensions */ = {
			isa = PBXGroup;
			children = (
				E0F0376B2C468C21003ED0BA /* NSObject+Extension.swift */,
				E0F0376D2C468DEF003ED0BA /* UITableView+Extension.swift */,
				E0F0376F2C468EB1003ED0BA /* UIViewController+Extension.swift */,
				E0B1A1212C46A9A500C250DB /* UIView+Extension.swift */,
				E04D06E22C47A89300293B37 /* String+Extension.swift */,
			);
			path = Extensions;
			sourceTree = "<group>";
		};
		E0F037712C469529003ED0BA /* Custom Views */ = {
			isa = PBXGroup;
			children = (
				E0F037722C46953B003ED0BA /* RoundedImageView.swift */,
				E0B1A11F2C469E0400C250DB /* ShadowView.swift */,
			);
			path = "Custom Views";
			sourceTree = "<group>";
		};
		E0F037742C469729003ED0BA /* NewsViewController */ = {
			isa = PBXGroup;
			children = (
				E0D674CF2C46788600426D40 /* NewsViewController.swift */,
				E0F037772C46973C003ED0BA /* Cells */,
			);
			path = NewsViewController;
			sourceTree = "<group>";
		};
		E0F037772C46973C003ED0BA /* Cells */ = {
			isa = PBXGroup;
			children = (
				E0DE549C2C4699A500546745 /* NewsTableViewCell.swift */,
				E0DE549D2C4699A500546745 /* NewsTableViewCell.xib */,
				E0B1A1232C46AA7900C250DB /* NewsHeaderView.swift */,
				E0B1A1252C46AA8200C250DB /* NewsHeaderView.xib */,
				E04D06F62C47E4EB00293B37 /* NewsHotMatchesTableViewCell.swift */,
				E04D06F72C47E4EB00293B37 /* NewsHotMatchesTableViewCell.xib */,
				E04D06FA2C47E54200293B37 /* NewsHotMatchesCollectionViewCell.swift */,
				E04D06FB2C47E54200293B37 /* NewsHotMatchesCollectionViewCell.xib */,
			);
			path = Cells;
			sourceTree = "<group>";
		};
/* End PBXGroup section */

/* Begin PBXNativeTarget section */
		E0B371552C35A70F009EB405 /* LiveScoreApp */ = {
			isa = PBXNativeTarget;
			buildConfigurationList = E0B3716A2C35A710009EB405 /* Build configuration list for PBXNativeTarget "LiveScoreApp" */;
			buildPhases = (
				1EDF3AD6694F281786F61851 /* [CP] Check Pods Manifest.lock */,
				E0B371522C35A70F009EB405 /* Sources */,
				E0B371532C35A70F009EB405 /* Frameworks */,
				E0B371542C35A70F009EB405 /* Resources */,
				B0C26BA2A0FF8775CDB869D6 /* [CP] Embed Pods Frameworks */,
			);
			buildRules = (
			);
			dependencies = (
			);
			name = LiveScoreApp;
			productName = LiveScoreApp;
			productReference = E0B371562C35A70F009EB405 /* LiveScoreApp.app */;
			productType = "com.apple.product-type.application";
		};
/* End PBXNativeTarget section */

/* Begin PBXProject section */
		E0B3714E2C35A70F009EB405 /* Project object */ = {
			isa = PBXProject;
			attributes = {
				BuildIndependentTargetsInParallel = 1;
				LastSwiftUpdateCheck = 1540;
				LastUpgradeCheck = 1540;
				TargetAttributes = {
					E0B371552C35A70F009EB405 = {
						CreatedOnToolsVersion = 15.4;
					};
				};
			};
			buildConfigurationList = E0B371512C35A70F009EB405 /* Build configuration list for PBXProject "LiveScoreApp" */;
			compatibilityVersion = "Xcode 14.0";
			developmentRegion = en;
			hasScannedForEncodings = 0;
			knownRegions = (
				en,
				Base,
			);
			mainGroup = E0B3714D2C35A70F009EB405;
			productRefGroup = E0B371572C35A70F009EB405 /* Products */;
			projectDirPath = "";
			projectRoot = "";
			targets = (
				E0B371552C35A70F009EB405 /* LiveScoreApp */,
			);
		};
/* End PBXProject section */

/* Begin PBXResourcesBuildPhase section */
		E0B371542C35A70F009EB405 /* Resources */ = {
			isa = PBXResourcesBuildPhase;
			buildActionMask = 2147483647;
			files = (
				E04D06EB2C47ABC100293B37 /* LeaguesHeaderView.xib in Resources */,
				E0B371632C35A710009EB405 /* Assets.xcassets in Resources */,
				E0B1A1262C46AA8200C250DB /* NewsHeaderView.xib in Resources */,
				E04D06F92C47E4EB00293B37 /* NewsHotMatchesTableViewCell.xib in Resources */,
				E0B371662C35A710009EB405 /* Base in Resources */,
				E0DE549F2C4699A500546745 /* NewsTableViewCell.xib in Resources */,
				E0B1A1302C46E88E00C250DB /* LeaguesTableViewCell.xib in Resources */,
				E04D06EF2C47BF9900293B37 /* TopLeaguesTableViewCell.xib in Resources */,
				E04D06E72C47AADC00293B37 /* LeagueMatchTableViewCell.xib in Resources */,
				E04D06F52C47C00900293B37 /* TopLeaguesCollectionViewCell.xib in Resources */,
				E0B371612C35A70F009EB405 /* Base in Resources */,
				E05EDC882C47FC15007B750F /* NewsDetailTableViewCell.xib in Resources */,
				E04D06FD2C47E54200293B37 /* NewsHotMatchesCollectionViewCell.xib in Resources */,
			);
			runOnlyForDeploymentPostprocessing = 0;
		};
/* End PBXResourcesBuildPhase section */

/* Begin PBXShellScriptBuildPhase section */
		1EDF3AD6694F281786F61851 /* [CP] Check Pods Manifest.lock */ = {
			isa = PBXShellScriptBuildPhase;
			buildActionMask = 2147483647;
			files = (
			);
			inputFileListPaths = (
			);
			inputPaths = (
				"${PODS_PODFILE_DIR_PATH}/Podfile.lock",
				"${PODS_ROOT}/Manifest.lock",
			);
			name = "[CP] Check Pods Manifest.lock";
			outputFileListPaths = (
			);
			outputPaths = (
				"$(DERIVED_FILE_DIR)/Pods-LiveScoreApp-checkManifestLockResult.txt",
			);
			runOnlyForDeploymentPostprocessing = 0;
			shellPath = /bin/sh;
			shellScript = "diff \"${PODS_PODFILE_DIR_PATH}/Podfile.lock\" \"${PODS_ROOT}/Manifest.lock\" > /dev/null\nif [ $? != 0 ] ; then\n    # print error to STDERR\n    echo \"error: The sandbox is not in sync with the Podfile.lock. Run 'pod install' or update your CocoaPods installation.\" >&2\n    exit 1\nfi\n# This output is used by Xcode 'outputs' to avoid re-running this script phase.\necho \"SUCCESS\" > \"${SCRIPT_OUTPUT_FILE_0}\"\n";
			showEnvVarsInLog = 0;
		};
		B0C26BA2A0FF8775CDB869D6 /* [CP] Embed Pods Frameworks */ = {
			isa = PBXShellScriptBuildPhase;
			buildActionMask = 2147483647;
			files = (
			);
			inputFileListPaths = (
				"${PODS_ROOT}/Target Support Files/Pods-LiveScoreApp/Pods-LiveScoreApp-frameworks-${CONFIGURATION}-input-files.xcfilelist",
			);
			name = "[CP] Embed Pods Frameworks";
			outputFileListPaths = (
				"${PODS_ROOT}/Target Support Files/Pods-LiveScoreApp/Pods-LiveScoreApp-frameworks-${CONFIGURATION}-output-files.xcfilelist",
			);
			runOnlyForDeploymentPostprocessing = 0;
			shellPath = /bin/sh;
			shellScript = "\"${PODS_ROOT}/Target Support Files/Pods-LiveScoreApp/Pods-LiveScoreApp-frameworks.sh\"\n";
			showEnvVarsInLog = 0;
		};
/* End PBXShellScriptBuildPhase section */

/* Begin PBXSourcesBuildPhase section */
		E0B371522C35A70F009EB405 /* Sources */ = {
			isa = PBXSourcesBuildPhase;
			buildActionMask = 2147483647;
			files = (
				E0F037702C468EB1003ED0BA /* UIViewController+Extension.swift in Sources */,
				E04D06E32C47A89300293B37 /* String+Extension.swift in Sources */,
				E0F0376E2C468DEF003ED0BA /* UITableView+Extension.swift in Sources */,
				E0B1A1222C46A9A500C250DB /* UIView+Extension.swift in Sources */,
				E0DE549E2C4699A500546745 /* NewsTableViewCell.swift in Sources */,
				E0F037672C468B09003ED0BA /* AboutUsViewController.swift in Sources */,
				E04D06E62C47AADC00293B37 /* LeagueMatchTableViewCell.swift in Sources */,
				E0D674D62C4678B100426D40 /* ProfileViewController.swift in Sources */,
				E0D674D02C46788600426D40 /* NewsViewController.swift in Sources */,
				E04D06FC2C47E54200293B37 /* NewsHotMatchesCollectionViewCell.swift in Sources */,
				E0B3715A2C35A70F009EB405 /* AppDelegate.swift in Sources */,
				E0F037642C4689F5003ED0BA /* Router.swift in Sources */,
				E0F0376C2C468C21003ED0BA /* NSObject+Extension.swift in Sources */,
				E04D06EE2C47BF9900293B37 /* TopLeaguesTableViewCell.swift in Sources */,
				E0B1A1202C469E0400C250DB /* ShadowView.swift in Sources */,
				E0B1A1242C46AA7900C250DB /* NewsHeaderView.swift in Sources */,
				E0B3715C2C35A70F009EB405 /* SceneDelegate.swift in Sources */,
				E04D06E92C47ABB800293B37 /* LeaguesHeaderView.swift in Sources */,
				E04D06F42C47C00900293B37 /* TopLeaguesCollectionViewCell.swift in Sources */,
				E0F037732C46953B003ED0BA /* RoundedImageView.swift in Sources */,
				E0D674D22C46789300426D40 /* LiveScoreViewController.swift in Sources */,
				E0F037692C468B1F003ED0BA /* Constants.swift in Sources */,
				E0B1A12F2C46E88E00C250DB /* LeaguesTableViewCell.swift in Sources */,
				E0B1A1342C46EE8000C250DB /* FootballLeaguesViewController.swift in Sources */,
				E05EDC832C47FB9C007B750F /* NewsDetailViewController.swift in Sources */,
				E0B1A1362C46EE9C00C250DB /* BasketballLeaguesViewController.swift in Sources */,
				E04D06F82C47E4EB00293B37 /* NewsHotMatchesTableViewCell.swift in Sources */,
				E05EDC872C47FC15007B750F /* NewsDetailTableViewCell.swift in Sources */,
				E0B1A1292C46ABF200C250DB /* LeaguesViewController.swift in Sources */,
			);
			runOnlyForDeploymentPostprocessing = 0;
		};
/* End PBXSourcesBuildPhase section */

/* Begin PBXVariantGroup section */
		E0B3715F2C35A70F009EB405 /* Main.storyboard */ = {
			isa = PBXVariantGroup;
			children = (
				E0B371602C35A70F009EB405 /* Base */,
			);
			name = Main.storyboard;
			sourceTree = "<group>";
		};
		E0B371642C35A710009EB405 /* LaunchScreen.storyboard */ = {
			isa = PBXVariantGroup;
			children = (
				E0B371652C35A710009EB405 /* Base */,
			);
			name = LaunchScreen.storyboard;
			sourceTree = "<group>";
		};
/* End PBXVariantGroup section */

/* Begin XCBuildConfiguration section */
		E0B371682C35A710009EB405 /* Debug */ = {
			isa = XCBuildConfiguration;
			buildSettings = {
				ALWAYS_SEARCH_USER_PATHS = NO;
				ASSETCATALOG_COMPILER_GENERATE_SWIFT_ASSET_SYMBOL_EXTENSIONS = YES;
				CLANG_ANALYZER_NONNULL = YES;
				CLANG_ANALYZER_NUMBER_OBJECT_CONVERSION = YES_AGGRESSIVE;
				CLANG_CXX_LANGUAGE_STANDARD = "gnu++20";
				CLANG_ENABLE_MODULES = YES;
				CLANG_ENABLE_OBJC_ARC = YES;
				CLANG_ENABLE_OBJC_WEAK = YES;
				CLANG_WARN_BLOCK_CAPTURE_AUTORELEASING = YES;
				CLANG_WARN_BOOL_CONVERSION = YES;
				CLANG_WARN_COMMA = YES;
				CLANG_WARN_CONSTANT_CONVERSION = YES;
				CLANG_WARN_DEPRECATED_OBJC_IMPLEMENTATIONS = YES;
				CLANG_WARN_DIRECT_OBJC_ISA_USAGE = YES_ERROR;
				CLANG_WARN_DOCUMENTATION_COMMENTS = YES;
				CLANG_WARN_EMPTY_BODY = YES;
				CLANG_WARN_ENUM_CONVERSION = YES;
				CLANG_WARN_INFINITE_RECURSION = YES;
				CLANG_WARN_INT_CONVERSION = YES;
				CLANG_WARN_NON_LITERAL_NULL_CONVERSION = YES;
				CLANG_WARN_OBJC_IMPLICIT_RETAIN_SELF = YES;
				CLANG_WARN_OBJC_LITERAL_CONVERSION = YES;
				CLANG_WARN_OBJC_ROOT_CLASS = YES_ERROR;
				CLANG_WARN_QUOTED_INCLUDE_IN_FRAMEWORK_HEADER = YES;
				CLANG_WARN_RANGE_LOOP_ANALYSIS = YES;
				CLANG_WARN_STRICT_PROTOTYPES = YES;
				CLANG_WARN_SUSPICIOUS_MOVE = YES;
				CLANG_WARN_UNGUARDED_AVAILABILITY = YES_AGGRESSIVE;
				CLANG_WARN_UNREACHABLE_CODE = YES;
				CLANG_WARN__DUPLICATE_METHOD_MATCH = YES;
				COPY_PHASE_STRIP = NO;
				DEBUG_INFORMATION_FORMAT = dwarf;
				ENABLE_STRICT_OBJC_MSGSEND = YES;
				ENABLE_TESTABILITY = YES;
				ENABLE_USER_SCRIPT_SANDBOXING = YES;
				GCC_C_LANGUAGE_STANDARD = gnu17;
				GCC_DYNAMIC_NO_PIC = NO;
				GCC_NO_COMMON_BLOCKS = YES;
				GCC_OPTIMIZATION_LEVEL = 0;
				GCC_PREPROCESSOR_DEFINITIONS = (
					"DEBUG=1",
					"$(inherited)",
				);
				GCC_WARN_64_TO_32_BIT_CONVERSION = YES;
				GCC_WARN_ABOUT_RETURN_TYPE = YES_ERROR;
				GCC_WARN_UNDECLARED_SELECTOR = YES;
				GCC_WARN_UNINITIALIZED_AUTOS = YES_AGGRESSIVE;
				GCC_WARN_UNUSED_FUNCTION = YES;
				GCC_WARN_UNUSED_VARIABLE = YES;
				IPHONEOS_DEPLOYMENT_TARGET = 17.5;
				LOCALIZATION_PREFERS_STRING_CATALOGS = YES;
				MTL_ENABLE_DEBUG_INFO = INCLUDE_SOURCE;
				MTL_FAST_MATH = YES;
				ONLY_ACTIVE_ARCH = YES;
				SDKROOT = iphoneos;
				SWIFT_ACTIVE_COMPILATION_CONDITIONS = "DEBUG $(inherited)";
				SWIFT_OPTIMIZATION_LEVEL = "-Onone";
			};
			name = Debug;
		};
		E0B371692C35A710009EB405 /* Release */ = {
			isa = XCBuildConfiguration;
			buildSettings = {
				ALWAYS_SEARCH_USER_PATHS = NO;
				ASSETCATALOG_COMPILER_GENERATE_SWIFT_ASSET_SYMBOL_EXTENSIONS = YES;
				CLANG_ANALYZER_NONNULL = YES;
				CLANG_ANALYZER_NUMBER_OBJECT_CONVERSION = YES_AGGRESSIVE;
				CLANG_CXX_LANGUAGE_STANDARD = "gnu++20";
				CLANG_ENABLE_MODULES = YES;
				CLANG_ENABLE_OBJC_ARC = YES;
				CLANG_ENABLE_OBJC_WEAK = YES;
				CLANG_WARN_BLOCK_CAPTURE_AUTORELEASING = YES;
				CLANG_WARN_BOOL_CONVERSION = YES;
				CLANG_WARN_COMMA = YES;
				CLANG_WARN_CONSTANT_CONVERSION = YES;
				CLANG_WARN_DEPRECATED_OBJC_IMPLEMENTATIONS = YES;
				CLANG_WARN_DIRECT_OBJC_ISA_USAGE = YES_ERROR;
				CLANG_WARN_DOCUMENTATION_COMMENTS = YES;
				CLANG_WARN_EMPTY_BODY = YES;
				CLANG_WARN_ENUM_CONVERSION = YES;
				CLANG_WARN_INFINITE_RECURSION = YES;
				CLANG_WARN_INT_CONVERSION = YES;
				CLANG_WARN_NON_LITERAL_NULL_CONVERSION = YES;
				CLANG_WARN_OBJC_IMPLICIT_RETAIN_SELF = YES;
				CLANG_WARN_OBJC_LITERAL_CONVERSION = YES;
				CLANG_WARN_OBJC_ROOT_CLASS = YES_ERROR;
				CLANG_WARN_QUOTED_INCLUDE_IN_FRAMEWORK_HEADER = YES;
				CLANG_WARN_RANGE_LOOP_ANALYSIS = YES;
				CLANG_WARN_STRICT_PROTOTYPES = YES;
				CLANG_WARN_SUSPICIOUS_MOVE = YES;
				CLANG_WARN_UNGUARDED_AVAILABILITY = YES_AGGRESSIVE;
				CLANG_WARN_UNREACHABLE_CODE = YES;
				CLANG_WARN__DUPLICATE_METHOD_MATCH = YES;
				COPY_PHASE_STRIP = NO;
				DEBUG_INFORMATION_FORMAT = "dwarf-with-dsym";
				ENABLE_NS_ASSERTIONS = NO;
				ENABLE_STRICT_OBJC_MSGSEND = YES;
				ENABLE_USER_SCRIPT_SANDBOXING = YES;
				GCC_C_LANGUAGE_STANDARD = gnu17;
				GCC_NO_COMMON_BLOCKS = YES;
				GCC_WARN_64_TO_32_BIT_CONVERSION = YES;
				GCC_WARN_ABOUT_RETURN_TYPE = YES_ERROR;
				GCC_WARN_UNDECLARED_SELECTOR = YES;
				GCC_WARN_UNINITIALIZED_AUTOS = YES_AGGRESSIVE;
				GCC_WARN_UNUSED_FUNCTION = YES;
				GCC_WARN_UNUSED_VARIABLE = YES;
				IPHONEOS_DEPLOYMENT_TARGET = 17.5;
				LOCALIZATION_PREFERS_STRING_CATALOGS = YES;
				MTL_ENABLE_DEBUG_INFO = NO;
				MTL_FAST_MATH = YES;
				SDKROOT = iphoneos;
				SWIFT_COMPILATION_MODE = wholemodule;
				VALIDATE_PRODUCT = YES;
			};
			name = Release;
		};
		E0B3716B2C35A710009EB405 /* Debug */ = {
			isa = XCBuildConfiguration;
			baseConfigurationReference = 42EC48A44FDA26C3A04AA6CD /* Pods-LiveScoreApp.debug.xcconfig */;
			buildSettings = {
				ASSETCATALOG_COMPILER_APPICON_NAME = AppIcon;
				ASSETCATALOG_COMPILER_GLOBAL_ACCENT_COLOR_NAME = AccentColor;
				CODE_SIGN_STYLE = Automatic;
				CURRENT_PROJECT_VERSION = 1;
				ENABLE_USER_SCRIPT_SANDBOXING = NO;
				GENERATE_INFOPLIST_FILE = YES;
				INFOPLIST_FILE = LiveScoreApp/Resources/Info.plist;
				INFOPLIST_KEY_UIApplicationSupportsIndirectInputEvents = YES;
				INFOPLIST_KEY_UILaunchStoryboardName = LaunchScreen;
				INFOPLIST_KEY_UIMainStoryboardFile = Main;
				INFOPLIST_KEY_UISupportedInterfaceOrientations = UIInterfaceOrientationPortrait;
				INFOPLIST_KEY_UISupportedInterfaceOrientations_iPad = "UIInterfaceOrientationLandscapeLeft UIInterfaceOrientationLandscapeRight";
				IPHONEOS_DEPLOYMENT_TARGET = 14.0;
				LD_RUNPATH_SEARCH_PATHS = (
					"$(inherited)",
					"@executable_path/Frameworks",
				);
				MARKETING_VERSION = 1.0;
				PRODUCT_BUNDLE_IDENTIFIER = com.test.LiveScoreApp;
				PRODUCT_NAME = "$(TARGET_NAME)";
				SUPPORTED_PLATFORMS = "iphoneos iphonesimulator";
				SUPPORTS_MACCATALYST = NO;
				SWIFT_EMIT_LOC_STRINGS = YES;
				SWIFT_VERSION = 5.0;
				TARGETED_DEVICE_FAMILY = 1;
			};
			name = Debug;
		};
		E0B3716C2C35A710009EB405 /* Release */ = {
			isa = XCBuildConfiguration;
			baseConfigurationReference = BD202F35B8DE01C27D1F1BDB /* Pods-LiveScoreApp.release.xcconfig */;
			buildSettings = {
				ASSETCATALOG_COMPILER_APPICON_NAME = AppIcon;
				ASSETCATALOG_COMPILER_GLOBAL_ACCENT_COLOR_NAME = AccentColor;
				CODE_SIGN_STYLE = Automatic;
				CURRENT_PROJECT_VERSION = 1;
				ENABLE_USER_SCRIPT_SANDBOXING = NO;
				GENERATE_INFOPLIST_FILE = YES;
				INFOPLIST_FILE = LiveScoreApp/Resources/Info.plist;
				INFOPLIST_KEY_UIApplicationSupportsIndirectInputEvents = YES;
				INFOPLIST_KEY_UILaunchStoryboardName = LaunchScreen;
				INFOPLIST_KEY_UIMainStoryboardFile = Main;
				INFOPLIST_KEY_UISupportedInterfaceOrientations = UIInterfaceOrientationPortrait;
				INFOPLIST_KEY_UISupportedInterfaceOrientations_iPad = "UIInterfaceOrientationLandscapeLeft UIInterfaceOrientationLandscapeRight";
				IPHONEOS_DEPLOYMENT_TARGET = 14.0;
				LD_RUNPATH_SEARCH_PATHS = (
					"$(inherited)",
					"@executable_path/Frameworks",
				);
				MARKETING_VERSION = 1.0;
				PRODUCT_BUNDLE_IDENTIFIER = com.test.LiveScoreApp;
				PRODUCT_NAME = "$(TARGET_NAME)";
				SUPPORTED_PLATFORMS = "iphoneos iphonesimulator";
				SUPPORTS_MACCATALYST = NO;
				SWIFT_EMIT_LOC_STRINGS = YES;
				SWIFT_VERSION = 5.0;
				TARGETED_DEVICE_FAMILY = 1;
			};
			name = Release;
		};
/* End XCBuildConfiguration section */

/* Begin XCConfigurationList section */
		E0B371512C35A70F009EB405 /* Build configuration list for PBXProject "LiveScoreApp" */ = {
			isa = XCConfigurationList;
			buildConfigurations = (
				E0B371682C35A710009EB405 /* Debug */,
				E0B371692C35A710009EB405 /* Release */,
			);
			defaultConfigurationIsVisible = 0;
			defaultConfigurationName = Release;
		};
		E0B3716A2C35A710009EB405 /* Build configuration list for PBXNativeTarget "LiveScoreApp" */ = {
			isa = XCConfigurationList;
			buildConfigurations = (
				E0B3716B2C35A710009EB405 /* Debug */,
				E0B3716C2C35A710009EB405 /* Release */,
			);
			defaultConfigurationIsVisible = 0;
			defaultConfigurationName = Release;
		};
/* End XCConfigurationList section */
	};
	rootObject = E0B3714E2C35A70F009EB405 /* Project object */;
}
